
Microsoft Visual Studio Solution File, Format Version 12.00
# Visual Studio Version 17
VisualStudioVersion = 17.3.32811.315
MinimumVisualStudioVersion = 10.0.40219.1
Project("{9A19103F-16F7-4668-BE54-9A1E7A4F7556}") = "SCE.Core", "SCE.Core\SCE.Core.csproj", "{77BF77AC-6E65-4A92-95C6-81060890274B}"
EndProject
Project("{9A19103F-16F7-4668-BE54-9A1E7A4F7556}") = "SCE.Demo", "SCE.Demo\SCE.Demo.csproj", "{77D3DE8B-1228-4A02-B640-229F8B1F40E0}"
EndProject
Global
	GlobalSection(SolutionConfigurationPlatforms) = preSolution
		Debug|Any CPU = Debug|Any CPU
		Release|Any CPU = Release|Any CPU
	EndGlobalSection
	GlobalSection(ProjectConfigurationPlatforms) = postSolution
		{77BF77AC-6E65-4A92-95C6-81060890274B}.Debug|Any CPU.ActiveCfg = Debug|Any CPU
		{77BF77AC-6E65-4A92-95C6-81060890274B}.Debug|Any CPU.Build.0 = Debug|Any CPU
		{77BF77AC-6E65-4A92-95C6-81060890274B}.Release|Any CPU.ActiveCfg = Release|Any CPU
		{77BF77AC-6E65-4A92-95C6-81060890274B}.Release|Any CPU.Build.0 = Release|Any CPU
		{77D3DE8B-1228-4A02-B640-229F8B1F40E0}.Debug|Any CPU.ActiveCfg = Debug|Any CPU
		{77D3DE8B-1228-4A02-B640-229F8B1F40E0}.Debug|Any CPU.Build.0 = Debug|Any CPU
		{77D3DE8B-1228-4A02-B640-229F8B1F40E0}.Release|Any CPU.ActiveCfg = Release|Any CPU
		{77D3DE8B-1228-4A02-B640-229F8B1F40E0}.Release|Any CPU.Build.0 = Release|Any CPU
	EndGlobalSection
	GlobalSection(SolutionProperties) = preSolution
		HideSolutionNode = FALSE
	EndGlobalSection
	GlobalSection(ExtensibilityGlobals) = postSolution
		SolutionGuid = {79B1EA3F-1241-4DB9-95FA-F199D6EA599B}
	EndGlobalSection
EndGlobal
